
Microsoft Visual Studio Solution File, Format Version 12.00
# Visual Studio 15
VisualStudioVersion = 15.0.27004.2009
MinimumVisualStudioVersion = 10.0.40219.1
Project("{FAE04EC0-301F-11D3-BF4B-00C04F79EFBC}") = "cSharpFund", "cSharpFund\cSharpFund.csproj", "{EC1D8D35-5440-4DF1-8964-633BF6EF6CAE}"
EndProject
Project("{FAE04EC0-301F-11D3-BF4B-00C04F79EFBC}") = "0.01dataType", "0.01dataType\0.01dataType.csproj", "{5D8F0204-4203-41A7-AC74-933FAC4543FC}"
EndProject
Project("{2150E333-8FDC-42A3-9474-1A3956D46DE8}") = "Solution Items", "Solution Items", "{84525055-984C-4566-A88B-3E6685EB5772}"
	ProjectSection(SolutionItems) = preProject
		TextFile1.txt = TextFile1.txt
	EndProjectSection
EndProject
Project("{FAE04EC0-301F-11D3-BF4B-00C04F79EFBC}") = "0.02ifstatements", "0.02ifstatements\0.02ifstatements.csproj", "{F3D2F0FE-DAF2-42CE-9871-1522143D36B0}"
EndProject
Project("{FAE04EC0-301F-11D3-BF4B-00C04F79EFBC}") = "0.03_Conditional_if_else_statement", "0.03_Conditional_if_else_statement\0.03_Conditional_if_else_statement.csproj", "{08D2E9F3-702A-4531-9F0C-B5962654B292}"
EndProject
Project("{FAE04EC0-301F-11D3-BF4B-00C04F79EFBC}") = "0.04_Conditional_if_else_if_statement", "0.04_Conditional_if_else_if_statement\0.04_Conditional_if_else_if_statement.csproj", "{72E3AB9F-C194-463A-AF53-99076E115D67}"
EndProject
Project("{FAE04EC0-301F-11D3-BF4B-00C04F79EFBC}") = "0.05_Challenges_else_if_statements", "0.05_Challenges_else_if_statements\0.05_Challenges_else_if_statements.csproj", "{FD5C2DB7-6B58-4BFC-8D93-435553F8D721}"
EndProject
Project("{FAE04EC0-301F-11D3-BF4B-00C04F79EFBC}") = "0.06_conditional_switchstatement", "0.06_conditional_switchstatement\0.06_conditional_switchstatement.csproj", "{93A60333-FB91-4A84-9FE5-9A462EAE3817}"
EndProject
Project("{FAE04EC0-301F-11D3-BF4B-00C04F79EFBC}") = "0.07_loops", "0.07_loops\0.07_loops.csproj", "{B60A9931-4194-4ABD-AA20-4FDD7614C5B8}"
EndProject
Global
	GlobalSection(SolutionConfigurationPlatforms) = preSolution
		Debug|Any CPU = Debug|Any CPU
		Release|Any CPU = Release|Any CPU
	EndGlobalSection
	GlobalSection(ProjectConfigurationPlatforms) = postSolution
		{EC1D8D35-5440-4DF1-8964-633BF6EF6CAE}.Debug|Any CPU.ActiveCfg = Debug|Any CPU
		{EC1D8D35-5440-4DF1-8964-633BF6EF6CAE}.Debug|Any CPU.Build.0 = Debug|Any CPU
		{EC1D8D35-5440-4DF1-8964-633BF6EF6CAE}.Release|Any CPU.ActiveCfg = Release|Any CPU
		{EC1D8D35-5440-4DF1-8964-633BF6EF6CAE}.Release|Any CPU.Build.0 = Release|Any CPU
		{5D8F0204-4203-41A7-AC74-933FAC4543FC}.Debug|Any CPU.ActiveCfg = Debug|Any CPU
		{5D8F0204-4203-41A7-AC74-933FAC4543FC}.Debug|Any CPU.Build.0 = Debug|Any CPU
		{5D8F0204-4203-41A7-AC74-933FAC4543FC}.Release|Any CPU.ActiveCfg = Release|Any CPU
		{5D8F0204-4203-41A7-AC74-933FAC4543FC}.Release|Any CPU.Build.0 = Release|Any CPU
		{F3D2F0FE-DAF2-42CE-9871-1522143D36B0}.Debug|Any CPU.ActiveCfg = Debug|Any CPU
		{F3D2F0FE-DAF2-42CE-9871-1522143D36B0}.Debug|Any CPU.Build.0 = Debug|Any CPU
		{F3D2F0FE-DAF2-42CE-9871-1522143D36B0}.Release|Any CPU.ActiveCfg = Release|Any CPU
		{F3D2F0FE-DAF2-42CE-9871-1522143D36B0}.Release|Any CPU.Build.0 = Release|Any CPU
		{08D2E9F3-702A-4531-9F0C-B5962654B292}.Debug|Any CPU.ActiveCfg = Debug|Any CPU
		{08D2E9F3-702A-4531-9F0C-B5962654B292}.Debug|Any CPU.Build.0 = Debug|Any CPU
		{08D2E9F3-702A-4531-9F0C-B5962654B292}.Release|Any CPU.ActiveCfg = Release|Any CPU
		{08D2E9F3-702A-4531-9F0C-B5962654B292}.Release|Any CPU.Build.0 = Release|Any CPU
		{72E3AB9F-C194-463A-AF53-99076E115D67}.Debug|Any CPU.ActiveCfg = Debug|Any CPU
		{72E3AB9F-C194-463A-AF53-99076E115D67}.Debug|Any CPU.Build.0 = Debug|Any CPU
		{72E3AB9F-C194-463A-AF53-99076E115D67}.Release|Any CPU.ActiveCfg = Release|Any CPU
		{72E3AB9F-C194-463A-AF53-99076E115D67}.Release|Any CPU.Build.0 = Release|Any CPU
		{FD5C2DB7-6B58-4BFC-8D93-435553F8D721}.Debug|Any CPU.ActiveCfg = Debug|Any CPU
		{FD5C2DB7-6B58-4BFC-8D93-435553F8D721}.Debug|Any CPU.Build.0 = Debug|Any CPU
		{FD5C2DB7-6B58-4BFC-8D93-435553F8D721}.Release|Any CPU.ActiveCfg = Release|Any CPU
		{FD5C2DB7-6B58-4BFC-8D93-435553F8D721}.Release|Any CPU.Build.0 = Release|Any CPU
		{93A60333-FB91-4A84-9FE5-9A462EAE3817}.Debug|Any CPU.ActiveCfg = Debug|Any CPU
		{93A60333-FB91-4A84-9FE5-9A462EAE3817}.Debug|Any CPU.Build.0 = Debug|Any CPU
		{93A60333-FB91-4A84-9FE5-9A462EAE3817}.Release|Any CPU.ActiveCfg = Release|Any CPU
		{93A60333-FB91-4A84-9FE5-9A462EAE3817}.Release|Any CPU.Build.0 = Release|Any CPU
		{B60A9931-4194-4ABD-AA20-4FDD7614C5B8}.Debug|Any CPU.ActiveCfg = Debug|Any CPU
		{B60A9931-4194-4ABD-AA20-4FDD7614C5B8}.Debug|Any CPU.Build.0 = Debug|Any CPU
		{B60A9931-4194-4ABD-AA20-4FDD7614C5B8}.Release|Any CPU.ActiveCfg = Release|Any CPU
		{B60A9931-4194-4ABD-AA20-4FDD7614C5B8}.Release|Any CPU.Build.0 = Release|Any CPU
	EndGlobalSection
	GlobalSection(SolutionProperties) = preSolution
		HideSolutionNode = FALSE
	EndGlobalSection
	GlobalSection(ExtensibilityGlobals) = postSolution
		SolutionGuid = {F54B43FE-AE26-44C8-AA4E-F10B02D67215}
	EndGlobalSection
EndGlobal
